
Microsoft Visual Studio Solution File, Format Version 12.00
# Visual Studio 15
VisualStudioVersion = 15.0.28307.421
MinimumVisualStudioVersion = 10.0.40219.1
Project("{8BC9CEB8-8B4A-11D0-8D11-00A0C91BC942}") = "Project 6 - Hash Tables", "Project 6 - Hash Tables\Project 6 - Hash Tables.vcxproj", "{9D9B763D-C519-4968-9A03-34960F7845DC}"
EndProject
Global
	GlobalSection(SolutionConfigurationPlatforms) = preSolution
		Debug|x64 = Debug|x64
		Debug|x86 = Debug|x86
		Release|x64 = Release|x64
		Release|x86 = Release|x86
	EndGlobalSection
	GlobalSection(ProjectConfigurationPlatforms) = postSolution
		{9D9B763D-C519-4968-9A03-34960F7845DC}.Debug|x64.ActiveCfg = Debug|x64
		{9D9B763D-C519-4968-9A03-34960F7845DC}.Debug|x64.Build.0 = Debug|x64
		{9D9B763D-C519-4968-9A03-34960F7845DC}.Debug|x86.ActiveCfg = Debug|Win32
		{9D9B763D-C519-4968-9A03-34960F7845DC}.Debug|x86.Build.0 = Debug|Win32
		{9D9B763D-C519-4968-9A03-34960F7845DC}.Release|x64.ActiveCfg = Release|x64
		{9D9B763D-C519-4968-9A03-34960F7845DC}.Release|x64.Build.0 = Release|x64
		{9D9B763D-C519-4968-9A03-34960F7845DC}.Release|x86.ActiveCfg = Release|Win32
		{9D9B763D-C519-4968-9A03-34960F7845DC}.Release|x86.Build.0 = Release|Win32
	EndGlobalSection
	GlobalSection(SolutionProperties) = preSolution
		HideSolutionNode = FALSE
	EndGlobalSection
	GlobalSection(ExtensibilityGlobals) = postSolution
		SolutionGuid = {B7B31067-48FA-48C5-97F8-3CF571C36E08}
	EndGlobalSection
EndGlobal
