
Microsoft Visual Studio Solution File, Format Version 12.00
# Visual Studio 15
VisualStudioVersion = 15.0.28307.136
MinimumVisualStudioVersion = 10.0.40219.1
Project("{8BC9CEB8-8B4A-11D0-8D11-00A0C91BC942}") = "Project 4 - Stack and Queues", "Project 4 - Stack and Queues\Project 4 - Stack and Queues.vcxproj", "{D2D88FDB-97F7-4D6D-98BD-CBA4EE14BB02}"
EndProject
Global
	GlobalSection(SolutionConfigurationPlatforms) = preSolution
		Debug|x64 = Debug|x64
		Debug|x86 = Debug|x86
		Release|x64 = Release|x64
		Release|x86 = Release|x86
	EndGlobalSection
	GlobalSection(ProjectConfigurationPlatforms) = postSolution
		{D2D88FDB-97F7-4D6D-98BD-CBA4EE14BB02}.Debug|x64.ActiveCfg = Debug|x64
		{D2D88FDB-97F7-4D6D-98BD-CBA4EE14BB02}.Debug|x64.Build.0 = Debug|x64
		{D2D88FDB-97F7-4D6D-98BD-CBA4EE14BB02}.Debug|x86.ActiveCfg = Debug|Win32
		{D2D88FDB-97F7-4D6D-98BD-CBA4EE14BB02}.Debug|x86.Build.0 = Debug|Win32
		{D2D88FDB-97F7-4D6D-98BD-CBA4EE14BB02}.Release|x64.ActiveCfg = Release|x64
		{D2D88FDB-97F7-4D6D-98BD-CBA4EE14BB02}.Release|x64.Build.0 = Release|x64
		{D2D88FDB-97F7-4D6D-98BD-CBA4EE14BB02}.Release|x86.ActiveCfg = Release|Win32
		{D2D88FDB-97F7-4D6D-98BD-CBA4EE14BB02}.Release|x86.Build.0 = Release|Win32
	EndGlobalSection
	GlobalSection(SolutionProperties) = preSolution
		HideSolutionNode = FALSE
	EndGlobalSection
	GlobalSection(ExtensibilityGlobals) = postSolution
		SolutionGuid = {5CBF7B33-0BA2-4DBD-A354-77B55A35D3A8}
	EndGlobalSection
EndGlobal
